// !$*UTF8*$!
{
	archiveVersion = 1;
	classes = {
	};
	objectVersion = 50;
	objects = {

/* Begin PBXBuildFile section */
		F997A42F242D019600B30367 /* AppDelegate.swift in Sources */ = {isa = PBXBuildFile; fileRef = F997A42E242D019600B30367 /* AppDelegate.swift */; };
		F997A431242D019600B30367 /* SceneDelegate.swift in Sources */ = {isa = PBXBuildFile; fileRef = F997A430242D019600B30367 /* SceneDelegate.swift */; };
		F997A433242D019600B30367 /* ViewController.swift in Sources */ = {isa = PBXBuildFile; fileRef = F997A432242D019600B30367 /* ViewController.swift */; };
		F997A436242D019600B30367 /* Main.storyboard in Resources */ = {isa = PBXBuildFile; fileRef = F997A434242D019600B30367 /* Main.storyboard */; };
		F997A438242D019700B30367 /* Assets.xcassets in Resources */ = {isa = PBXBuildFile; fileRef = F997A437242D019700B30367 /* Assets.xcassets */; };
		F997A43B242D019700B30367 /* LaunchScreen.storyboard in Resources */ = {isa = PBXBuildFile; fileRef = F997A439242D019700B30367 /* LaunchScreen.storyboard */; };
		F99F60352430C31300D8CDAD /* LeetCode.swift in Sources */ = {isa = PBXBuildFile; fileRef = F99F60342430C31300D8CDAD /* LeetCode.swift */; };
/* End PBXBuildFile section */

/* Begin PBXFileReference section */
		F997A42B242D019600B30367 /* LeetCodeChart.app */ = {isa = PBXFileReference; explicitFileType = wrapper.application; includeInIndex = 0; path = LeetCodeChart.app; sourceTree = BUILT_PRODUCTS_DIR; };
		F997A42E242D019600B30367 /* AppDelegate.swift */ = {isa = PBXFileReference; lastKnownFileType = sourcecode.swift; path = AppDelegate.swift; sourceTree = "<group>"; };
		F997A430242D019600B30367 /* SceneDelegate.swift */ = {isa = PBXFileReference; lastKnownFileType = sourcecode.swift; path = SceneDelegate.swift; sourceTree = "<group>"; };
		F997A432242D019600B30367 /* ViewController.swift */ = {isa = PBXFileReference; lastKnownFileType = sourcecode.swift; path = ViewController.swift; sourceTree = "<group>"; };
		F997A435242D019600B30367 /* Base */ = {isa = PBXFileReference; lastKnownFileType = file.storyboard; name = Base; path = Base.lproj/Main.storyboard; sourceTree = "<group>"; };
		F997A437242D019700B30367 /* Assets.xcassets */ = {isa = PBXFileReference; lastKnownFileType = folder.assetcatalog; path = Assets.xcassets; sourceTree = "<group>"; };
		F997A43A242D019700B30367 /* Base */ = {isa = PBXFileReference; lastKnownFileType = file.storyboard; name = Base; path = Base.lproj/LaunchScreen.storyboard; sourceTree = "<group>"; };
		F997A43C242D019700B30367 /* Info.plist */ = {isa = PBXFileReference; lastKnownFileType = text.plist.xml; path = Info.plist; sourceTree = "<group>"; };
		F99F60342430C31300D8CDAD /* LeetCode.swift */ = {isa = PBXFileReference; lastKnownFileType = sourcecode.swift; path = LeetCode.swift; sourceTree = "<group>"; };
/* End PBXFileReference section */

/* Begin PBXFrameworksBuildPhase section */
		F997A428242D019600B30367 /* Frameworks */ = {
			isa = PBXFrameworksBuildPhase;
			buildActionMask = 2147483647;
			files = (
			);
			runOnlyForDeploymentPostprocessing = 0;
		};
/* End PBXFrameworksBuildPhase section */

/* Begin PBXGroup section */
		F997A422242D019600B30367 = {
			isa = PBXGroup;
			children = (
				F997A42D242D019600B30367 /* LeetCodeChart */,
				F997A42C242D019600B30367 /* Products */,
			);
			sourceTree = "<group>";
		};
		F997A42C242D019600B30367 /* Products */ = {
			isa = PBXGroup;
			children = (
				F997A42B242D019600B30367 /* LeetCodeChart.app */,
			);
			name = Products;
			sourceTree = "<group>";
		};
		F997A42D242D019600B30367 /* LeetCodeChart */ = {
			isa = PBXGroup;
			children = (
				F997A42E242D019600B30367 /* AppDelegate.swift */,
				F997A430242D019600B30367 /* SceneDelegate.swift */,
				F997A432242D019600B30367 /* ViewController.swift */,
				F99F60342430C31300D8CDAD /* LeetCode.swift */,
				F997A434242D019600B30367 /* Main.storyboard */,
				F997A437242D019700B30367 /* Assets.xcassets */,
				F997A439242D019700B30367 /* LaunchScreen.storyboard */,
				F997A43C242D019700B30367 /* Info.plist */,
			);
			path = LeetCodeChart;
			sourceTree = "<group>";
		};
/* End PBXGroup section */

/* Begin PBXNativeTarget section */
		F997A42A242D019600B30367 /* LeetCodeChart */ = {
			isa = PBXNativeTarget;
			buildConfigurationList = F997A43F242D019700B30367 /* Build configuration list for PBXNativeTarget "LeetCodeChart" */;
			buildPhases = (
				F997A427242D019600B30367 /* Sources */,
				F997A428242D019600B30367 /* Frameworks */,
				F997A429242D019600B30367 /* Resources */,
			);
			buildRules = (
			);
			dependencies = (
			);
			name = LeetCodeChart;
			productName = LeetCodeChart;
			productReference = F997A42B242D019600B30367 /* LeetCodeChart.app */;
			productType = "com.apple.product-type.application";
		};
/* End PBXNativeTarget section */

/* Begin PBXProject section */
		F997A423242D019600B30367 /* Project object */ = {
			isa = PBXProject;
			attributes = {
				LastSwiftUpdateCheck = 1140;
				LastUpgradeCheck = 1140;
				ORGANIZATIONNAME = "周一见";
				TargetAttributes = {
					F997A42A242D019600B30367 = {
						CreatedOnToolsVersion = 11.4;
					};
				};
			};
			buildConfigurationList = F997A426242D019600B30367 /* Build configuration list for PBXProject "LeetCodeChart" */;
			compatibilityVersion = "Xcode 9.3";
			developmentRegion = en;
			hasScannedForEncodings = 0;
			knownRegions = (
				en,
				Base,
			);
			mainGroup = F997A422242D019600B30367;
			productRefGroup = F997A42C242D019600B30367 /* Products */;
			projectDirPath = "";
			projectRoot = "";
			targets = (
				F997A42A242D019600B30367 /* LeetCodeChart */,
			);
		};
/* End PBXProject section */

/* Begin PBXResourcesBuildPhase section */
		F997A429242D019600B30367 /* Resources */ = {
			isa = PBXResourcesBuildPhase;
			buildActionMask = 2147483647;
			files = (
				F997A43B242D019700B30367 /* LaunchScreen.storyboard in Resources */,
				F997A438242D019700B30367 /* Assets.xcassets in Resources */,
				F997A436242D019600B30367 /* Main.storyboard in Resources */,
			);
			runOnlyForDeploymentPostprocessing = 0;
		};
/* End PBXResourcesBuildPhase section */

/* Begin PBXSourcesBuildPhase section */
		F997A427242D019600B30367 /* Sources */ = {
			isa = PBXSourcesBuildPhase;
			buildActionMask = 2147483647;
			files = (
				F997A433242D019600B30367 /* ViewController.swift in Sources */,
				F997A42F242D019600B30367 /* AppDelegate.swift in Sources */,
				F99F60352430C31300D8CDAD /* LeetCode.swift in Sources */,
				F997A431242D019600B30367 /* SceneDelegate.swift in Sources */,
			);
			runOnlyForDeploymentPostprocessing = 0;
		};
/* End PBXSourcesBuildPhase section */

/* Begin PBXVariantGroup section */
		F997A434242D019600B30367 /* Main.storyboard */ = {
			isa = PBXVariantGroup;
			children = (
				F997A435242D019600B30367 /* Base */,
			);
			name = Main.storyboard;
			sourceTree = "<group>";
		};
		F997A439242D019700B30367 /* LaunchScreen.storyboard */ = {
			isa = PBXVariantGroup;
			children = (
				F997A43A242D019700B30367 /* Base */,
			);
			name = LaunchScreen.storyboard;
			sourceTree = "<group>";
		};
/* End PBXVariantGroup section */

/* Begin XCBuildConfiguration section */
		F997A43D242D019700B30367 /* Debug */ = {
			isa = XCBuildConfiguration;
			buildSettings = {
				ALWAYS_SEARCH_USER_PATHS = NO;
				CLANG_ANALYZER_NONNULL = YES;
				CLANG_ANALYZER_NUMBER_OBJECT_CONVERSION = YES_AGGRESSIVE;
				CLANG_CXX_LANGUAGE_STANDARD = "gnu++14";
				CLANG_CXX_LIBRARY = "libc++";
				CLANG_ENABLE_MODULES = YES;
				CLANG_ENABLE_OBJC_ARC = YES;
				CLANG_ENABLE_OBJC_WEAK = YES;
				CLANG_WARN_BLOCK_CAPTURE_AUTORELEASING = YES;
				CLANG_WARN_BOOL_CONVERSION = YES;
				CLANG_WARN_COMMA = YES;
				CLANG_WARN_CONSTANT_CONVERSION = YES;
				CLANG_WARN_DEPRECATED_OBJC_IMPLEMENTATIONS = YES;
				CLANG_WARN_DIRECT_OBJC_ISA_USAGE = YES_ERROR;
				CLANG_WARN_DOCUMENTATION_COMMENTS = YES;
				CLANG_WARN_EMPTY_BODY = YES;
				CLANG_WARN_ENUM_CONVERSION = YES;
				CLANG_WARN_INFINITE_RECURSION = YES;
				CLANG_WARN_INT_CONVERSION = YES;
				CLANG_WARN_NON_LITERAL_NULL_CONVERSION = YES;
				CLANG_WARN_OBJC_IMPLICIT_RETAIN_SELF = YES;
				CLANG_WARN_OBJC_LITERAL_CONVERSION = YES;
				CLANG_WARN_OBJC_ROOT_CLASS = YES_ERROR;
				CLANG_WARN_RANGE_LOOP_ANALYSIS = YES;
				CLANG_WARN_STRICT_PROTOTYPES = YES;
				CLANG_WARN_SUSPICIOUS_MOVE = YES;
				CLANG_WARN_UNGUARDED_AVAILABILITY = YES_AGGRESSIVE;
				CLANG_WARN_UNREACHABLE_CODE = YES;
				CLANG_WARN__DUPLICATE_METHOD_MATCH = YES;
				COPY_PHASE_STRIP = NO;
				DEBUG_INFORMATION_FORMAT = dwarf;
				ENABLE_STRICT_OBJC_MSGSEND = YES;
				ENABLE_TESTABILITY = YES;
				GCC_C_LANGUAGE_STANDARD = gnu11;
				GCC_DYNAMIC_NO_PIC = NO;
				GCC_NO_COMMON_BLOCKS = YES;
				GCC_OPTIMIZATION_LEVEL = 0;
				GCC_PREPROCESSOR_DEFINITIONS = (
					"DEBUG=1",
					"$(inherited)",
				);
				GCC_WARN_64_TO_32_BIT_CONVERSION = YES;
				GCC_WARN_ABOUT_RETURN_TYPE = YES_ERROR;
				GCC_WARN_UNDECLARED_SELECTOR = YES;
				GCC_WARN_UNINITIALIZED_AUTOS = YES_AGGRESSIVE;
				GCC_WARN_UNUSED_FUNCTION = YES;
				GCC_WARN_UNUSED_VARIABLE = YES;
				IPHONEOS_DEPLOYMENT_TARGET = 13.4;
				MTL_ENABLE_DEBUG_INFO = INCLUDE_SOURCE;
				MTL_FAST_MATH = YES;
				ONLY_ACTIVE_ARCH = YES;
				SDKROOT = iphoneos;
				SWIFT_ACTIVE_COMPILATION_CONDITIONS = DEBUG;
				SWIFT_OPTIMIZATION_LEVEL = "-Onone";
			};
			name = Debug;
		};
		F997A43E242D019700B30367 /* Release */ = {
			isa = XCBuildConfiguration;
			buildSettings = {
				ALWAYS_SEARCH_USER_PATHS = NO;
				CLANG_ANALYZER_NONNULL = YES;
				CLANG_ANALYZER_NUMBER_OBJECT_CONVERSION = YES_AGGRESSIVE;
				CLANG_CXX_LANGUAGE_STANDARD = "gnu++14";
				CLANG_CXX_LIBRARY = "libc++";
				CLANG_ENABLE_MODULES = YES;
				CLANG_ENABLE_OBJC_ARC = YES;
				CLANG_ENABLE_OBJC_WEAK = YES;
				CLANG_WARN_BLOCK_CAPTURE_AUTORELEASING = YES;
				CLANG_WARN_BOOL_CONVERSION = YES;
				CLANG_WARN_COMMA = YES;
				CLANG_WARN_CONSTANT_CONVERSION = YES;
				CLANG_WARN_DEPRECATED_OBJC_IMPLEMENTATIONS = YES;
				CLANG_WARN_DIRECT_OBJC_ISA_USAGE = YES_ERROR;
				CLANG_WARN_DOCUMENTATION_COMMENTS = YES;
				CLANG_WARN_EMPTY_BODY = YES;
				CLANG_WARN_ENUM_CONVERSION = YES;
				CLANG_WARN_INFINITE_RECURSION = YES;
				CLANG_WARN_INT_CONVERSION = YES;
				CLANG_WARN_NON_LITERAL_NULL_CONVERSION = YES;
				CLANG_WARN_OBJC_IMPLICIT_RETAIN_SELF = YES;
				CLANG_WARN_OBJC_LITERAL_CONVERSION = YES;
				CLANG_WARN_OBJC_ROOT_CLASS = YES_ERROR;
				CLANG_WARN_RANGE_LOOP_ANALYSIS = YES;
				CLANG_WARN_STRICT_PROTOTYPES = YES;
				CLANG_WARN_SUSPICIOUS_MOVE = YES;
				CLANG_WARN_UNGUARDED_AVAILABILITY = YES_AGGRESSIVE;
				CLANG_WARN_UNREACHABLE_CODE = YES;
				CLANG_WARN__DUPLICATE_METHOD_MATCH = YES;
				COPY_PHASE_STRIP = NO;
				DEBUG_INFORMATION_FORMAT = "dwarf-with-dsym";
				ENABLE_NS_ASSERTIONS = NO;
				ENABLE_STRICT_OBJC_MSGSEND = YES;
				GCC_C_LANGUAGE_STANDARD = gnu11;
				GCC_NO_COMMON_BLOCKS = YES;
				GCC_WARN_64_TO_32_BIT_CONVERSION = YES;
				GCC_WARN_ABOUT_RETURN_TYPE = YES_ERROR;
				GCC_WARN_UNDECLARED_SELECTOR = YES;
				GCC_WARN_UNINITIALIZED_AUTOS = YES_AGGRESSIVE;
				GCC_WARN_UNUSED_FUNCTION = YES;
				GCC_WARN_UNUSED_VARIABLE = YES;
				IPHONEOS_DEPLOYMENT_TARGET = 13.4;
				MTL_ENABLE_DEBUG_INFO = NO;
				MTL_FAST_MATH = YES;
				SDKROOT = iphoneos;
				SWIFT_COMPILATION_MODE = wholemodule;
				SWIFT_OPTIMIZATION_LEVEL = "-O";
				VALIDATE_PRODUCT = YES;
			};
			name = Release;
		};
		F997A440242D019700B30367 /* Debug */ = {
			isa = XCBuildConfiguration;
			buildSettings = {
				ASSETCATALOG_COMPILER_APPICON_NAME = AppIcon;
				CODE_SIGN_STYLE = Automatic;
				DEVELOPMENT_TEAM = 24NKM32Z28;
				INFOPLIST_FILE = LeetCodeChart/Info.plist;
				LD_RUNPATH_SEARCH_PATHS = (
					"$(inherited)",
					"@executable_path/Frameworks",
				);
				PRODUCT_BUNDLE_IDENTIFIER = com.zhouyijian.LeetCodeChart;
				PRODUCT_NAME = "$(TARGET_NAME)";
				SWIFT_VERSION = 5.0;
				TARGETED_DEVICE_FAMILY = "1,2";
			};
			name = Debug;
		};
		F997A441242D019700B30367 /* Release */ = {
			isa = XCBuildConfiguration;
			buildSettings = {
				ASSETCATALOG_COMPILER_APPICON_NAME = AppIcon;
				CODE_SIGN_STYLE = Automatic;
				DEVELOPMENT_TEAM = 24NKM32Z28;
				INFOPLIST_FILE = LeetCodeChart/Info.plist;
				LD_RUNPATH_SEARCH_PATHS = (
					"$(inherited)",
					"@executable_path/Frameworks",
				);
				PRODUCT_BUNDLE_IDENTIFIER = com.zhouyijian.LeetCodeChart;
				PRODUCT_NAME = "$(TARGET_NAME)";
				SWIFT_VERSION = 5.0;
				TARGETED_DEVICE_FAMILY = "1,2";
			};
			name = Release;
		};
/* End XCBuildConfiguration section */

/* Begin XCConfigurationList section */
		F997A426242D019600B30367 /* Build configuration list for PBXProject "LeetCodeChart" */ = {
			isa = XCConfigurationList;
			buildConfigurations = (
				F997A43D242D019700B30367 /* Debug */,
				F997A43E242D019700B30367 /* Release */,
			);
			defaultConfigurationIsVisible = 0;
			defaultConfigurationName = Release;
		};
		F997A43F242D019700B30367 /* Build configuration list for PBXNativeTarget "LeetCodeChart" */ = {
			isa = XCConfigurationList;
			buildConfigurations = (
				F997A440242D019700B30367 /* Debug */,
				F997A441242D019700B30367 /* Release */,
			);
			defaultConfigurationIsVisible = 0;
			defaultConfigurationName = Release;
		};
/* End XCConfigurationList section */
	};
	rootObject = F997A423242D019600B30367 /* Project object */;
}
